
Microsoft Visual Studio Solution File, Format Version 12.00
# Visual Studio Version 17
VisualStudioVersion = 17.5.002.0
MinimumVisualStudioVersion = 10.0.40219.1
Project("{9A19103F-16F7-4668-BE54-9A1E7A4F7556}") = "APPLogin", "APPLogin.csproj", "{37F905B2-1D10-4290-9D68-A8D89F74C5C5}"
EndProject
Global
	GlobalSection(SolutionConfigurationPlatforms) = preSolution
		Debug|Any CPU = Debug|Any CPU
		Release|Any CPU = Release|Any CPU
	EndGlobalSection
	GlobalSection(ProjectConfigurationPlatforms) = postSolution
		{37F905B2-1D10-4290-9D68-A8D89F74C5C5}.Debug|Any CPU.ActiveCfg = Debug|Any CPU
		{37F905B2-1D10-4290-9D68-A8D89F74C5C5}.Debug|Any CPU.Build.0 = Debug|Any CPU
		{37F905B2-1D10-4290-9D68-A8D89F74C5C5}.Release|Any CPU.ActiveCfg = Release|Any CPU
		{37F905B2-1D10-4290-9D68-A8D89F74C5C5}.Release|Any CPU.Build.0 = Release|Any CPU
	EndGlobalSection
	GlobalSection(SolutionProperties) = preSolution
		HideSolutionNode = FALSE
	EndGlobalSection
	GlobalSection(ExtensibilityGlobals) = postSolution
		SolutionGuid = {F8BEE5D2-2C18-45F1-A52B-27A69520BE4F}
	EndGlobalSection
EndGlobal
