
Microsoft Visual Studio Solution File, Format Version 12.00
# Visual Studio Version 17
VisualStudioVersion = 17.9.34728.123
MinimumVisualStudioVersion = 10.0.40219.1
Project("{9A19103F-16F7-4668-BE54-9A1E7A4F7556}") = "APPCommon", "APPCommon\APPCommon.csproj", "{37BF6816-9C73-4557-8EE8-E18423818CD0}"
EndProject
Project("{9A19103F-16F7-4668-BE54-9A1E7A4F7556}") = "WEBTemplate", "WEBTemplate\WEBTemplate.csproj", "{C8603B46-30F4-4CCA-A1A3-1073F70D215D}"
EndProject
Global
	GlobalSection(SolutionConfigurationPlatforms) = preSolution
		Debug|Any CPU = Debug|Any CPU
		Release|Any CPU = Release|Any CPU
	EndGlobalSection
	GlobalSection(ProjectConfigurationPlatforms) = postSolution
		{37BF6816-9C73-4557-8EE8-E18423818CD0}.Debug|Any CPU.ActiveCfg = Debug|Any CPU
		{37BF6816-9C73-4557-8EE8-E18423818CD0}.Debug|Any CPU.Build.0 = Debug|Any CPU
		{37BF6816-9C73-4557-8EE8-E18423818CD0}.Release|Any CPU.ActiveCfg = Release|Any CPU
		{37BF6816-9C73-4557-8EE8-E18423818CD0}.Release|Any CPU.Build.0 = Release|Any CPU
		{C8603B46-30F4-4CCA-A1A3-1073F70D215D}.Debug|Any CPU.ActiveCfg = Debug|Any CPU
		{C8603B46-30F4-4CCA-A1A3-1073F70D215D}.Debug|Any CPU.Build.0 = Debug|Any CPU
		{C8603B46-30F4-4CCA-A1A3-1073F70D215D}.Release|Any CPU.ActiveCfg = Release|Any CPU
		{C8603B46-30F4-4CCA-A1A3-1073F70D215D}.Release|Any CPU.Build.0 = Release|Any CPU
	EndGlobalSection
	GlobalSection(SolutionProperties) = preSolution
		HideSolutionNode = FALSE
	EndGlobalSection
	GlobalSection(ExtensibilityGlobals) = postSolution
		SolutionGuid = {107DC09B-2508-45D5-A8BF-DEC44387041C}
	EndGlobalSection
EndGlobal
