
Microsoft Visual Studio Solution File, Format Version 12.00
# Visual Studio Version 17
VisualStudioVersion = 17.9.34728.123
MinimumVisualStudioVersion = 10.0.40219.1
Project("{9A19103F-16F7-4668-BE54-9A1E7A4F7556}") = "APPCommon", "APPCommon\APPCommon.csproj", "{37BF6816-9C73-4557-8EE8-E18423818CD0}"
EndProject
Project("{9A19103F-16F7-4668-BE54-9A1E7A4F7556}") = "APPLogin", "APPLogin\APPLogin.csproj", "{728A8EA1-C4C1-4C95-8991-628C667C3F54}"
EndProject
Project("{9A19103F-16F7-4668-BE54-9A1E7A4F7556}") = "APPTemplate", "APPTemplate\APPTemplate.csproj", "{65362013-23C2-47B5-A08B-863CB33FE730}"
EndProject
Project("{9A19103F-16F7-4668-BE54-9A1E7A4F7556}") = "COMDirectory", "COMDirectory\COMDirectory.csproj", "{7AD5710F-C44E-4AE7-883C-6690413EB2C5}"
EndProject
Project("{9A19103F-16F7-4668-BE54-9A1E7A4F7556}") = "ATSSFG", "ATSSFG\ATSSFG.csproj", "{F2671629-F238-48C4-8B26-DE6719BE37BA}"
EndProject
Global
	GlobalSection(SolutionConfigurationPlatforms) = preSolution
		Debug|Any CPU = Debug|Any CPU
		Release|Any CPU = Release|Any CPU
	EndGlobalSection
	GlobalSection(ProjectConfigurationPlatforms) = postSolution
		{37BF6816-9C73-4557-8EE8-E18423818CD0}.Debug|Any CPU.ActiveCfg = Debug|Any CPU
		{37BF6816-9C73-4557-8EE8-E18423818CD0}.Debug|Any CPU.Build.0 = Debug|Any CPU
		{37BF6816-9C73-4557-8EE8-E18423818CD0}.Release|Any CPU.ActiveCfg = Release|Any CPU
		{37BF6816-9C73-4557-8EE8-E18423818CD0}.Release|Any CPU.Build.0 = Release|Any CPU
		{728A8EA1-C4C1-4C95-8991-628C667C3F54}.Debug|Any CPU.ActiveCfg = Debug|Any CPU
		{728A8EA1-C4C1-4C95-8991-628C667C3F54}.Debug|Any CPU.Build.0 = Debug|Any CPU
		{728A8EA1-C4C1-4C95-8991-628C667C3F54}.Release|Any CPU.ActiveCfg = Release|Any CPU
		{728A8EA1-C4C1-4C95-8991-628C667C3F54}.Release|Any CPU.Build.0 = Release|Any CPU
		{65362013-23C2-47B5-A08B-863CB33FE730}.Debug|Any CPU.ActiveCfg = Debug|Any CPU
		{65362013-23C2-47B5-A08B-863CB33FE730}.Debug|Any CPU.Build.0 = Debug|Any CPU
		{65362013-23C2-47B5-A08B-863CB33FE730}.Release|Any CPU.ActiveCfg = Release|Any CPU
		{65362013-23C2-47B5-A08B-863CB33FE730}.Release|Any CPU.Build.0 = Release|Any CPU
		{7AD5710F-C44E-4AE7-883C-6690413EB2C5}.Debug|Any CPU.ActiveCfg = Debug|Any CPU
		{7AD5710F-C44E-4AE7-883C-6690413EB2C5}.Debug|Any CPU.Build.0 = Debug|Any CPU
		{7AD5710F-C44E-4AE7-883C-6690413EB2C5}.Release|Any CPU.ActiveCfg = Release|Any CPU
		{7AD5710F-C44E-4AE7-883C-6690413EB2C5}.Release|Any CPU.Build.0 = Release|Any CPU
		{F2671629-F238-48C4-8B26-DE6719BE37BA}.Debug|Any CPU.ActiveCfg = Debug|Any CPU
		{F2671629-F238-48C4-8B26-DE6719BE37BA}.Debug|Any CPU.Build.0 = Debug|Any CPU
		{F2671629-F238-48C4-8B26-DE6719BE37BA}.Release|Any CPU.ActiveCfg = Release|Any CPU
		{F2671629-F238-48C4-8B26-DE6719BE37BA}.Release|Any CPU.Build.0 = Release|Any CPU
	EndGlobalSection
	GlobalSection(SolutionProperties) = preSolution
		HideSolutionNode = FALSE
	EndGlobalSection
	GlobalSection(ExtensibilityGlobals) = postSolution
		SolutionGuid = {107DC09B-2508-45D5-A8BF-DEC44387041C}
	EndGlobalSection
EndGlobal
